// !$*UTF8*$!
{
	archiveVersion = 1;
	classes = {
	};
	objectVersion = 50;
	objects = {

/* Begin PBXBuildFile section */
		DC05D1672464881200C086B4 /* AppDelegate.swift in Sources */ = {isa = PBXBuildFile; fileRef = DC05D1662464881200C086B4 /* AppDelegate.swift */; };
		DC05D1692464881200C086B4 /* SceneDelegate.swift in Sources */ = {isa = PBXBuildFile; fileRef = DC05D1682464881200C086B4 /* SceneDelegate.swift */; };
		DC05D16B2464881200C086B4 /* ContentView.swift in Sources */ = {isa = PBXBuildFile; fileRef = DC05D16A2464881200C086B4 /* ContentView.swift */; };
		DC05D16D2464881300C086B4 /* Assets.xcassets in Resources */ = {isa = PBXBuildFile; fileRef = DC05D16C2464881300C086B4 /* Assets.xcassets */; };
		DC05D1702464881300C086B4 /* Preview Assets.xcassets in Resources */ = {isa = PBXBuildFile; fileRef = DC05D16F2464881300C086B4 /* Preview Assets.xcassets */; };
		DC05D1732464881300C086B4 /* LaunchScreen.storyboard in Resources */ = {isa = PBXBuildFile; fileRef = DC05D1712464881300C086B4 /* LaunchScreen.storyboard */; };
		DC30EA692469BFDB00E76604 /* ShippingAddress.swift in Sources */ = {isa = PBXBuildFile; fileRef = DC30EA682469BFDB00E76604 /* ShippingAddress.swift */; };
		DC30EA6B2469C94700E76604 /* EditAddress.swift in Sources */ = {isa = PBXBuildFile; fileRef = DC30EA6A2469C94700E76604 /* EditAddress.swift */; };
		DC32675924694B6800FBCC3D /* OrderSummary.swift in Sources */ = {isa = PBXBuildFile; fileRef = DC32675824694B6800FBCC3D /* OrderSummary.swift */; };
		DC3AB1F52465C10B007E2DE5 /* ShoeDetail.swift in Sources */ = {isa = PBXBuildFile; fileRef = DC3AB1F42465C10B007E2DE5 /* ShoeDetail.swift */; };
		DC3AB1F72465F670007E2DE5 /* ShoeList.swift in Sources */ = {isa = PBXBuildFile; fileRef = DC3AB1F62465F670007E2DE5 /* ShoeList.swift */; };
		DC5BBA6E24698B06005D4E97 /* Checkout.swift in Sources */ = {isa = PBXBuildFile; fileRef = DC5BBA6D24698B05005D4E97 /* Checkout.swift */; };
		DC9FB9EC24686AF800BF7C8F /* PaymentMethod.swift in Sources */ = {isa = PBXBuildFile; fileRef = DC9FB9EB24686AF800BF7C8F /* PaymentMethod.swift */; };
/* End PBXBuildFile section */

/* Begin PBXFileReference section */
		DC05D1632464881200C086B4 /* NikeRebuild.app */ = {isa = PBXFileReference; explicitFileType = wrapper.application; includeInIndex = 0; path = NikeRebuild.app; sourceTree = BUILT_PRODUCTS_DIR; };
		DC05D1662464881200C086B4 /* AppDelegate.swift */ = {isa = PBXFileReference; lastKnownFileType = sourcecode.swift; path = AppDelegate.swift; sourceTree = "<group>"; };
		DC05D1682464881200C086B4 /* SceneDelegate.swift */ = {isa = PBXFileReference; lastKnownFileType = sourcecode.swift; path = SceneDelegate.swift; sourceTree = "<group>"; };
		DC05D16A2464881200C086B4 /* ContentView.swift */ = {isa = PBXFileReference; lastKnownFileType = sourcecode.swift; path = ContentView.swift; sourceTree = "<group>"; };
		DC05D16C2464881300C086B4 /* Assets.xcassets */ = {isa = PBXFileReference; lastKnownFileType = folder.assetcatalog; path = Assets.xcassets; sourceTree = "<group>"; };
		DC05D16F2464881300C086B4 /* Preview Assets.xcassets */ = {isa = PBXFileReference; lastKnownFileType = folder.assetcatalog; path = "Preview Assets.xcassets"; sourceTree = "<group>"; };
		DC05D1722464881300C086B4 /* Base */ = {isa = PBXFileReference; lastKnownFileType = file.storyboard; name = Base; path = Base.lproj/LaunchScreen.storyboard; sourceTree = "<group>"; };
		DC05D1742464881300C086B4 /* Info.plist */ = {isa = PBXFileReference; lastKnownFileType = text.plist.xml; path = Info.plist; sourceTree = "<group>"; };
		DC30EA682469BFDB00E76604 /* ShippingAddress.swift */ = {isa = PBXFileReference; lastKnownFileType = sourcecode.swift; path = ShippingAddress.swift; sourceTree = "<group>"; };
		DC30EA6A2469C94700E76604 /* EditAddress.swift */ = {isa = PBXFileReference; lastKnownFileType = sourcecode.swift; path = EditAddress.swift; sourceTree = "<group>"; };
		DC32675824694B6800FBCC3D /* OrderSummary.swift */ = {isa = PBXFileReference; lastKnownFileType = sourcecode.swift; path = OrderSummary.swift; sourceTree = "<group>"; };
		DC3AB1F42465C10B007E2DE5 /* ShoeDetail.swift */ = {isa = PBXFileReference; lastKnownFileType = sourcecode.swift; path = ShoeDetail.swift; sourceTree = "<group>"; };
		DC3AB1F62465F670007E2DE5 /* ShoeList.swift */ = {isa = PBXFileReference; lastKnownFileType = sourcecode.swift; path = ShoeList.swift; sourceTree = "<group>"; };
		DC5BBA6D24698B05005D4E97 /* Checkout.swift */ = {isa = PBXFileReference; lastKnownFileType = sourcecode.swift; path = Checkout.swift; sourceTree = "<group>"; };
		DC9FB9EB24686AF800BF7C8F /* PaymentMethod.swift */ = {isa = PBXFileReference; lastKnownFileType = sourcecode.swift; path = PaymentMethod.swift; sourceTree = "<group>"; };
/* End PBXFileReference section */

/* Begin PBXFrameworksBuildPhase section */
		DC05D1602464881200C086B4 /* Frameworks */ = {
			isa = PBXFrameworksBuildPhase;
			buildActionMask = 2147483647;
			files = (
			);
			runOnlyForDeploymentPostprocessing = 0;
		};
/* End PBXFrameworksBuildPhase section */

/* Begin PBXGroup section */
		DC05D15A2464881200C086B4 = {
			isa = PBXGroup;
			children = (
				DC05D1652464881200C086B4 /* NikeRebuild */,
				DC05D1642464881200C086B4 /* Products */,
			);
			sourceTree = "<group>";
		};
		DC05D1642464881200C086B4 /* Products */ = {
			isa = PBXGroup;
			children = (
				DC05D1632464881200C086B4 /* NikeRebuild.app */,
			);
			name = Products;
			sourceTree = "<group>";
		};
		DC05D1652464881200C086B4 /* NikeRebuild */ = {
			isa = PBXGroup;
			children = (
				DC05D1662464881200C086B4 /* AppDelegate.swift */,
				DC05D1682464881200C086B4 /* SceneDelegate.swift */,
				DC05D16A2464881200C086B4 /* ContentView.swift */,
				DC3AB1F42465C10B007E2DE5 /* ShoeDetail.swift */,
				DC3AB1F62465F670007E2DE5 /* ShoeList.swift */,
				DC9FB9EB24686AF800BF7C8F /* PaymentMethod.swift */,
				DC32675824694B6800FBCC3D /* OrderSummary.swift */,
				DC5BBA6D24698B05005D4E97 /* Checkout.swift */,
				DC30EA682469BFDB00E76604 /* ShippingAddress.swift */,
				DC30EA6A2469C94700E76604 /* EditAddress.swift */,
				DC05D16C2464881300C086B4 /* Assets.xcassets */,
				DC05D1712464881300C086B4 /* LaunchScreen.storyboard */,
				DC05D1742464881300C086B4 /* Info.plist */,
				DC05D16E2464881300C086B4 /* Preview Content */,
			);
			path = NikeRebuild;
			sourceTree = "<group>";
		};
		DC05D16E2464881300C086B4 /* Preview Content */ = {
			isa = PBXGroup;
			children = (
				DC05D16F2464881300C086B4 /* Preview Assets.xcassets */,
			);
			path = "Preview Content";
			sourceTree = "<group>";
		};
/* End PBXGroup section */

/* Begin PBXNativeTarget section */
		DC05D1622464881200C086B4 /* NikeRebuild */ = {
			isa = PBXNativeTarget;
			buildConfigurationList = DC05D1772464881300C086B4 /* Build configuration list for PBXNativeTarget "NikeRebuild" */;
			buildPhases = (
				DC05D15F2464881200C086B4 /* Sources */,
				DC05D1602464881200C086B4 /* Frameworks */,
				DC05D1612464881200C086B4 /* Resources */,
			);
			buildRules = (
			);
			dependencies = (
			);
			name = NikeRebuild;
			productName = NikeRebuild;
			productReference = DC05D1632464881200C086B4 /* NikeRebuild.app */;
			productType = "com.apple.product-type.application";
		};
/* End PBXNativeTarget section */

/* Begin PBXProject section */
		DC05D15B2464881200C086B4 /* Project object */ = {
			isa = PBXProject;
			attributes = {
				LastSwiftUpdateCheck = 1140;
				LastUpgradeCheck = 1140;
				ORGANIZATIONNAME = "Thom Pheijffer";
				TargetAttributes = {
					DC05D1622464881200C086B4 = {
						CreatedOnToolsVersion = 11.4.1;
					};
				};
			};
			buildConfigurationList = DC05D15E2464881200C086B4 /* Build configuration list for PBXProject "NikeRebuild" */;
			compatibilityVersion = "Xcode 9.3";
			developmentRegion = en;
			hasScannedForEncodings = 0;
			knownRegions = (
				en,
				Base,
			);
			mainGroup = DC05D15A2464881200C086B4;
			productRefGroup = DC05D1642464881200C086B4 /* Products */;
			projectDirPath = "";
			projectRoot = "";
			targets = (
				DC05D1622464881200C086B4 /* NikeRebuild */,
			);
		};
/* End PBXProject section */

/* Begin PBXResourcesBuildPhase section */
		DC05D1612464881200C086B4 /* Resources */ = {
			isa = PBXResourcesBuildPhase;
			buildActionMask = 2147483647;
			files = (
				DC05D1732464881300C086B4 /* LaunchScreen.storyboard in Resources */,
				DC05D1702464881300C086B4 /* Preview Assets.xcassets in Resources */,
				DC05D16D2464881300C086B4 /* Assets.xcassets in Resources */,
			);
			runOnlyForDeploymentPostprocessing = 0;
		};
/* End PBXResourcesBuildPhase section */

/* Begin PBXSourcesBuildPhase section */
		DC05D15F2464881200C086B4 /* Sources */ = {
			isa = PBXSourcesBuildPhase;
			buildActionMask = 2147483647;
			files = (
				DC05D1672464881200C086B4 /* AppDelegate.swift in Sources */,
				DC32675924694B6800FBCC3D /* OrderSummary.swift in Sources */,
				DC3AB1F52465C10B007E2DE5 /* ShoeDetail.swift in Sources */,
				DC05D1692464881200C086B4 /* SceneDelegate.swift in Sources */,
				DC30EA6B2469C94700E76604 /* EditAddress.swift in Sources */,
				DC9FB9EC24686AF800BF7C8F /* PaymentMethod.swift in Sources */,
				DC3AB1F72465F670007E2DE5 /* ShoeList.swift in Sources */,
				DC30EA692469BFDB00E76604 /* ShippingAddress.swift in Sources */,
				DC05D16B2464881200C086B4 /* ContentView.swift in Sources */,
				DC5BBA6E24698B06005D4E97 /* Checkout.swift in Sources */,
			);
			runOnlyForDeploymentPostprocessing = 0;
		};
/* End PBXSourcesBuildPhase section */

/* Begin PBXVariantGroup section */
		DC05D1712464881300C086B4 /* LaunchScreen.storyboard */ = {
			isa = PBXVariantGroup;
			children = (
				DC05D1722464881300C086B4 /* Base */,
			);
			name = LaunchScreen.storyboard;
			sourceTree = "<group>";
		};
/* End PBXVariantGroup section */

/* Begin XCBuildConfiguration section */
		DC05D1752464881300C086B4 /* Debug */ = {
			isa = XCBuildConfiguration;
			buildSettings = {
				ALWAYS_SEARCH_USER_PATHS = NO;
				CLANG_ANALYZER_NONNULL = YES;
				CLANG_ANALYZER_NUMBER_OBJECT_CONVERSION = YES_AGGRESSIVE;
				CLANG_CXX_LANGUAGE_STANDARD = "gnu++14";
				CLANG_CXX_LIBRARY = "libc++";
				CLANG_ENABLE_MODULES = YES;
				CLANG_ENABLE_OBJC_ARC = YES;
				CLANG_ENABLE_OBJC_WEAK = YES;
				CLANG_WARN_BLOCK_CAPTURE_AUTORELEASING = YES;
				CLANG_WARN_BOOL_CONVERSION = YES;
				CLANG_WARN_COMMA = YES;
				CLANG_WARN_CONSTANT_CONVERSION = YES;
				CLANG_WARN_DEPRECATED_OBJC_IMPLEMENTATIONS = YES;
				CLANG_WARN_DIRECT_OBJC_ISA_USAGE = YES_ERROR;
				CLANG_WARN_DOCUMENTATION_COMMENTS = YES;
				CLANG_WARN_EMPTY_BODY = YES;
				CLANG_WARN_ENUM_CONVERSION = YES;
				CLANG_WARN_INFINITE_RECURSION = YES;
				CLANG_WARN_INT_CONVERSION = YES;
				CLANG_WARN_NON_LITERAL_NULL_CONVERSION = YES;
				CLANG_WARN_OBJC_IMPLICIT_RETAIN_SELF = YES;
				CLANG_WARN_OBJC_LITERAL_CONVERSION = YES;
				CLANG_WARN_OBJC_ROOT_CLASS = YES_ERROR;
				CLANG_WARN_RANGE_LOOP_ANALYSIS = YES;
				CLANG_WARN_STRICT_PROTOTYPES = YES;
				CLANG_WARN_SUSPICIOUS_MOVE = YES;
				CLANG_WARN_UNGUARDED_AVAILABILITY = YES_AGGRESSIVE;
				CLANG_WARN_UNREACHABLE_CODE = YES;
				CLANG_WARN__DUPLICATE_METHOD_MATCH = YES;
				COPY_PHASE_STRIP = NO;
				DEBUG_INFORMATION_FORMAT = dwarf;
				ENABLE_STRICT_OBJC_MSGSEND = YES;
				ENABLE_TESTABILITY = YES;
				GCC_C_LANGUAGE_STANDARD = gnu11;
				GCC_DYNAMIC_NO_PIC = NO;
				GCC_NO_COMMON_BLOCKS = YES;
				GCC_OPTIMIZATION_LEVEL = 0;
				GCC_PREPROCESSOR_DEFINITIONS = (
					"DEBUG=1",
					"$(inherited)",
				);
				GCC_WARN_64_TO_32_BIT_CONVERSION = YES;
				GCC_WARN_ABOUT_RETURN_TYPE = YES_ERROR;
				GCC_WARN_UNDECLARED_SELECTOR = YES;
				GCC_WARN_UNINITIALIZED_AUTOS = YES_AGGRESSIVE;
				GCC_WARN_UNUSED_FUNCTION = YES;
				GCC_WARN_UNUSED_VARIABLE = YES;
				IPHONEOS_DEPLOYMENT_TARGET = 13.4;
				MTL_ENABLE_DEBUG_INFO = INCLUDE_SOURCE;
				MTL_FAST_MATH = YES;
				ONLY_ACTIVE_ARCH = YES;
				SDKROOT = iphoneos;
				SWIFT_ACTIVE_COMPILATION_CONDITIONS = DEBUG;
				SWIFT_OPTIMIZATION_LEVEL = "-Onone";
			};
			name = Debug;
		};
		DC05D1762464881300C086B4 /* Release */ = {
			isa = XCBuildConfiguration;
			buildSettings = {
				ALWAYS_SEARCH_USER_PATHS = NO;
				CLANG_ANALYZER_NONNULL = YES;
				CLANG_ANALYZER_NUMBER_OBJECT_CONVERSION = YES_AGGRESSIVE;
				CLANG_CXX_LANGUAGE_STANDARD = "gnu++14";
				CLANG_CXX_LIBRARY = "libc++";
				CLANG_ENABLE_MODULES = YES;
				CLANG_ENABLE_OBJC_ARC = YES;
				CLANG_ENABLE_OBJC_WEAK = YES;
				CLANG_WARN_BLOCK_CAPTURE_AUTORELEASING = YES;
				CLANG_WARN_BOOL_CONVERSION = YES;
				CLANG_WARN_COMMA = YES;
				CLANG_WARN_CONSTANT_CONVERSION = YES;
				CLANG_WARN_DEPRECATED_OBJC_IMPLEMENTATIONS = YES;
				CLANG_WARN_DIRECT_OBJC_ISA_USAGE = YES_ERROR;
				CLANG_WARN_DOCUMENTATION_COMMENTS = YES;
				CLANG_WARN_EMPTY_BODY = YES;
				CLANG_WARN_ENUM_CONVERSION = YES;
				CLANG_WARN_INFINITE_RECURSION = YES;
				CLANG_WARN_INT_CONVERSION = YES;
				CLANG_WARN_NON_LITERAL_NULL_CONVERSION = YES;
				CLANG_WARN_OBJC_IMPLICIT_RETAIN_SELF = YES;
				CLANG_WARN_OBJC_LITERAL_CONVERSION = YES;
				CLANG_WARN_OBJC_ROOT_CLASS = YES_ERROR;
				CLANG_WARN_RANGE_LOOP_ANALYSIS = YES;
				CLANG_WARN_STRICT_PROTOTYPES = YES;
				CLANG_WARN_SUSPICIOUS_MOVE = YES;
				CLANG_WARN_UNGUARDED_AVAILABILITY = YES_AGGRESSIVE;
				CLANG_WARN_UNREACHABLE_CODE = YES;
				CLANG_WARN__DUPLICATE_METHOD_MATCH = YES;
				COPY_PHASE_STRIP = NO;
				DEBUG_INFORMATION_FORMAT = "dwarf-with-dsym";
				ENABLE_NS_ASSERTIONS = NO;
				ENABLE_STRICT_OBJC_MSGSEND = YES;
				GCC_C_LANGUAGE_STANDARD = gnu11;
				GCC_NO_COMMON_BLOCKS = YES;
				GCC_WARN_64_TO_32_BIT_CONVERSION = YES;
				GCC_WARN_ABOUT_RETURN_TYPE = YES_ERROR;
				GCC_WARN_UNDECLARED_SELECTOR = YES;
				GCC_WARN_UNINITIALIZED_AUTOS = YES_AGGRESSIVE;
				GCC_WARN_UNUSED_FUNCTION = YES;
				GCC_WARN_UNUSED_VARIABLE = YES;
				IPHONEOS_DEPLOYMENT_TARGET = 13.4;
				MTL_ENABLE_DEBUG_INFO = NO;
				MTL_FAST_MATH = YES;
				SDKROOT = iphoneos;
				SWIFT_COMPILATION_MODE = wholemodule;
				SWIFT_OPTIMIZATION_LEVEL = "-O";
				VALIDATE_PRODUCT = YES;
			};
			name = Release;
		};
		DC05D1782464881300C086B4 /* Debug */ = {
			isa = XCBuildConfiguration;
			buildSettings = {
				ASSETCATALOG_COMPILER_APPICON_NAME = AppIcon;
				CODE_SIGN_STYLE = Automatic;
				DEVELOPMENT_ASSET_PATHS = "\"NikeRebuild/Preview Content\"";
				DEVELOPMENT_TEAM = 2BRLV2FEPT;
				ENABLE_PREVIEWS = YES;
				INFOPLIST_FILE = NikeRebuild/Info.plist;
				IPHONEOS_DEPLOYMENT_TARGET = 14.0;
				LD_RUNPATH_SEARCH_PATHS = (
					"$(inherited)",
					"@executable_path/Frameworks",
				);
				PRODUCT_BUNDLE_IDENTIFIER = thompheijffer.NikeRebuild;
				PRODUCT_NAME = "$(TARGET_NAME)";
				SWIFT_VERSION = 5.0;
				TARGETED_DEVICE_FAMILY = "1,2";
			};
			name = Debug;
		};
		DC05D1792464881300C086B4 /* Release */ = {
			isa = XCBuildConfiguration;
			buildSettings = {
				ASSETCATALOG_COMPILER_APPICON_NAME = AppIcon;
				CODE_SIGN_STYLE = Automatic;
				DEVELOPMENT_ASSET_PATHS = "\"NikeRebuild/Preview Content\"";
				DEVELOPMENT_TEAM = 2BRLV2FEPT;
				ENABLE_PREVIEWS = YES;
				INFOPLIST_FILE = NikeRebuild/Info.plist;
				IPHONEOS_DEPLOYMENT_TARGET = 14.0;
				LD_RUNPATH_SEARCH_PATHS = (
					"$(inherited)",
					"@executable_path/Frameworks",
				);
				PRODUCT_BUNDLE_IDENTIFIER = thompheijffer.NikeRebuild;
				PRODUCT_NAME = "$(TARGET_NAME)";
				SWIFT_VERSION = 5.0;
				TARGETED_DEVICE_FAMILY = "1,2";
			};
			name = Release;
		};
/* End XCBuildConfiguration section */

/* Begin XCConfigurationList section */
		DC05D15E2464881200C086B4 /* Build configuration list for PBXProject "NikeRebuild" */ = {
			isa = XCConfigurationList;
			buildConfigurations = (
				DC05D1752464881300C086B4 /* Debug */,
				DC05D1762464881300C086B4 /* Release */,
			);
			defaultConfigurationIsVisible = 0;
			defaultConfigurationName = Release;
		};
		DC05D1772464881300C086B4 /* Build configuration list for PBXNativeTarget "NikeRebuild" */ = {
			isa = XCConfigurationList;
			buildConfigurations = (
				DC05D1782464881300C086B4 /* Debug */,
				DC05D1792464881300C086B4 /* Release */,
			);
			defaultConfigurationIsVisible = 0;
			defaultConfigurationName = Release;
		};
/* End XCConfigurationList section */
	};
	rootObject = DC05D15B2464881200C086B4 /* Project object */;
}
